// !$*UTF8*$!
{
	archiveVersion = 1;
	classes = {
	};
	objectVersion = 52;
	objects = {

/* Begin PBXBuildFile section */
		3E23B818262BF40B0052FF14 /* libCenter.a in Frameworks */ = {isa = PBXBuildFile; fileRef = 3E941A1925E5636A005AD380 /* libCenter.a */; };
		3E23B82E262C51080052FF14 /* UserRealm.swift in Sources */ = {isa = PBXBuildFile; fileRef = 3E23B82D262C51080052FF14 /* UserRealm.swift */; };
		3EA570B226425F6C002F63A6 /* DBServer.swift in Sources */ = {isa = PBXBuildFile; fileRef = 3EA570B126425F6C002F63A6 /* DBServer.swift */; };
		3EA570C62643C20A002F63A6 /* JSONSerializable.swift in Sources */ = {isa = PBXBuildFile; fileRef = 3EA570C52643C20A002F63A6 /* JSONSerializable.swift */; };
		3ECFA7BD262325FB00C437B4 /* AsciiTable.swift in Sources */ = {isa = PBXBuildFile; fileRef = 3ECFA7BC262325FB00C437B4 /* AsciiTable.swift */; };
		4A06011626E10BCA008EFEFB /* UserRepository.swift in Sources */ = {isa = PBXBuildFile; fileRef = 4A06011526E10BCA008EFEFB /* UserRepository.swift */; };
		4A13B9C227942F99006024B0 /* UserType.swift in Sources */ = {isa = PBXBuildFile; fileRef = 4A13B9C127942F99006024B0 /* UserType.swift */; };
		4A13B9C42794396A006024B0 /* BotUser.swift in Sources */ = {isa = PBXBuildFile; fileRef = 4A13B9C32794396A006024B0 /* BotUser.swift */; };
		4A13B9C6279439A1006024B0 /* BotUserList.swift in Sources */ = {isa = PBXBuildFile; fileRef = 4A13B9C5279439A1006024B0 /* BotUserList.swift */; };
		4A14BC00271AC12D0056BA3E /* SlotMachine.swift in Sources */ = {isa = PBXBuildFile; fileRef = 4A14BBFF271AC12D0056BA3E /* SlotMachine.swift */; };
		4A14BC02271AD55B0056BA3E /* PrizeOdds.swift in Sources */ = {isa = PBXBuildFile; fileRef = 4A14BC01271AD55B0056BA3E /* PrizeOdds.swift */; };
		4A14BC0D271BBCCF0056BA3E /* SlotClassic.swift in Sources */ = {isa = PBXBuildFile; fileRef = 4A14BC0C271BBCCF0056BA3E /* SlotClassic.swift */; };
		4A14BC0F271BC0760056BA3E /* Reel.swift in Sources */ = {isa = PBXBuildFile; fileRef = 4A14BC0E271BC0760056BA3E /* Reel.swift */; };
		4A2B810C267468DA0013537F /* Realm in Frameworks */ = {isa = PBXBuildFile; productRef = 4A2B810B267468DA0013537F /* Realm */; };
		4A2B810E267468DA0013537F /* RealmSwift in Frameworks */ = {isa = PBXBuildFile; productRef = 4A2B810D267468DA0013537F /* RealmSwift */; };
		4A2F4E0A267C3DEA00A7BA6C /* PokerPlusShowdownAnimation.swift in Sources */ = {isa = PBXBuildFile; fileRef = 4A2F4E09267C3DEA00A7BA6C /* PokerPlusShowdownAnimation.swift */; };
		4A2F4E0E267C508300A7BA6C /* PokerPlusSpeaker.swift in Sources */ = {isa = PBXBuildFile; fileRef = 4A2F4E0D267C508300A7BA6C /* PokerPlusSpeaker.swift */; };
		4A2F4E0F267C508500A7BA6C /* PokerPlusSpeaker.swift in Sources */ = {isa = PBXBuildFile; fileRef = 4A2F4E0D267C508300A7BA6C /* PokerPlusSpeaker.swift */; };
		4A2F4E25267DB2CB00A7BA6C /* PokerPlusAPIModelBuilder.swift in Sources */ = {isa = PBXBuildFile; fileRef = 4A2F4E24267DB2CB00A7BA6C /* PokerPlusAPIModelBuilder.swift */; };
		4A3B9CC4266FAC01005F1749 /* CenterTests.swift in Sources */ = {isa = PBXBuildFile; fileRef = 3E23B815262BF40B0052FF14 /* CenterTests.swift */; };
		4A3EFB00274900F10027488A /* MachineId.swift in Sources */ = {isa = PBXBuildFile; fileRef = 4A3EFAFF274900F10027488A /* MachineId.swift */; };
		4A3EFB0227490E7F0027488A /* SlotFree.swift in Sources */ = {isa = PBXBuildFile; fileRef = 4A3EFB0127490E7F0027488A /* SlotFree.swift */; };
		4A3EFB0427490E810027488A /* SlotDevelopers.swift in Sources */ = {isa = PBXBuildFile; fileRef = 4A3EFB0327490E810027488A /* SlotDevelopers.swift */; };
		4A3EFB0627490E820027488A /* SlotV1M0.swift in Sources */ = {isa = PBXBuildFile; fileRef = 4A3EFB0527490E820027488A /* SlotV1M0.swift */; };
		4A4461E22689FE0C00A4D063 /* IntExtension.swift in Sources */ = {isa = PBXBuildFile; fileRef = 4A4461E12689FE0C00A4D063 /* IntExtension.swift */; };
		4A777B9527251A7500581CCF /* UserConverter.swift in Sources */ = {isa = PBXBuildFile; fileRef = 4A777B9427251A7500581CCF /* UserConverter.swift */; };
		4A8EF9A92690BE2200D19929 /* UsersUpdateUser.swift in Sources */ = {isa = PBXBuildFile; fileRef = 4A8EF9A82690BE2100D19929 /* UsersUpdateUser.swift */; };
		4A8EF9AA2690BE2200D19929 /* UsersUpdateUser.swift in Sources */ = {isa = PBXBuildFile; fileRef = 4A8EF9A82690BE2100D19929 /* UsersUpdateUser.swift */; };
		4A914E6327892DEA00E93522 /* PokerPlusController.swift in Sources */ = {isa = PBXBuildFile; fileRef = 4A914E6227892DEA00E93522 /* PokerPlusController.swift */; };
		4A914E6527892DF100E93522 /* PokerPlusState.swift in Sources */ = {isa = PBXBuildFile; fileRef = 4A914E6427892DF100E93522 /* PokerPlusState.swift */; };
		4A914E6727892DFF00E93522 /* PokerPlusDealer.swift in Sources */ = {isa = PBXBuildFile; fileRef = 4A914E6627892DFF00E93522 /* PokerPlusDealer.swift */; };
		4A914E6927892E0900E93522 /* PokerPlusPlayer.swift in Sources */ = {isa = PBXBuildFile; fileRef = 4A914E6827892E0900E93522 /* PokerPlusPlayer.swift */; };
		4A914E6F2789692B00E93522 /* PokerPlusRule.swift in Sources */ = {isa = PBXBuildFile; fileRef = 4A914E6E2789692A00E93522 /* PokerPlusRule.swift */; };
		4A914E7127896FEF00E93522 /* PokerPlusLogger.swift in Sources */ = {isa = PBXBuildFile; fileRef = 4A914E7027896FEF00E93522 /* PokerPlusLogger.swift */; };
		4A914E732789BCCB00E93522 /* PokerPlusServer.swift in Sources */ = {isa = PBXBuildFile; fileRef = 4A914E722789BCCB00E93522 /* PokerPlusServer.swift */; };
		4A914E742789BCCC00E93522 /* PokerPlusServer.swift in Sources */ = {isa = PBXBuildFile; fileRef = 4A914E722789BCCB00E93522 /* PokerPlusServer.swift */; };
		4A914E772789E88E00E93522 /* PokerPlusBot.swift in Sources */ = {isa = PBXBuildFile; fileRef = 4A914E762789C1BD00E93522 /* PokerPlusBot.swift */; };
		4A914E79278A765900E93522 /* KeycardRealm.swift in Sources */ = {isa = PBXBuildFile; fileRef = 4A914E78278A765900E93522 /* KeycardRealm.swift */; };
		4A914E7C278A834700E93522 /* KeycardRealmRepository.swift in Sources */ = {isa = PBXBuildFile; fileRef = 4A914E7B278A834700E93522 /* KeycardRealmRepository.swift */; };
		4A914E7D278A89DF00E93522 /* PokerPlusMatcher.swift in Sources */ = {isa = PBXBuildFile; fileRef = 4A914E7A278A7BE000E93522 /* PokerPlusMatcher.swift */; };
		4A914E82278A92C600E93522 /* ErrorModel.swift in Sources */ = {isa = PBXBuildFile; fileRef = 4A914E81278A92C600E93522 /* ErrorModel.swift */; };
		4A914E83278A942200E93522 /* SlotReelAnimation.swift in Sources */ = {isa = PBXBuildFile; fileRef = 4A914E7F278A921800E93522 /* SlotReelAnimation.swift */; };
		4A914E87278A962400E93522 /* PokerPlusMatcher.swift in Sources */ = {isa = PBXBuildFile; fileRef = 4A914E7A278A7BE000E93522 /* PokerPlusMatcher.swift */; };
		4A914E88278A962D00E93522 /* PokerPlusAPIModelBuilder.swift in Sources */ = {isa = PBXBuildFile; fileRef = 4A2F4E24267DB2CB00A7BA6C /* PokerPlusAPIModelBuilder.swift */; };
		4A914E8C278A9E2500E93522 /* PokerPlusStateRepositoryImpl.swift in Sources */ = {isa = PBXBuildFile; fileRef = 4A914E8B278A9E2500E93522 /* PokerPlusStateRepositoryImpl.swift */; };
		4A914E8F278AA62500E93522 /* PokerPlusStateRealm.swift in Sources */ = {isa = PBXBuildFile; fileRef = 4A914E8E278AA62500E93522 /* PokerPlusStateRealm.swift */; };
		4A914EDE278C978900E93522 /* Player.swift in Sources */ = {isa = PBXBuildFile; fileRef = 4A914EDD278C978900E93522 /* Player.swift */; };
		4A9F464E27AC422100FA8B40 /* UserRepository.swift in Sources */ = {isa = PBXBuildFile; fileRef = 4A06011526E10BCA008EFEFB /* UserRepository.swift */; };
		4A9F464F27AC422700FA8B40 /* KeycardRealmRepository.swift in Sources */ = {isa = PBXBuildFile; fileRef = 4A914E7B278A834700E93522 /* KeycardRealmRepository.swift */; };
		4A9F465027AC422A00FA8B40 /* KeycardConverter.swift in Sources */ = {isa = PBXBuildFile; fileRef = 4AE3A15F27A53CF7002EA45C /* KeycardConverter.swift */; };
		4A9F465127AC422E00FA8B40 /* DBServerState.swift in Sources */ = {isa = PBXBuildFile; fileRef = 4ACD43BE27926CDE0046CEB5 /* DBServerState.swift */; };
		4A9F465227AC423100FA8B40 /* UserServer.swift in Sources */ = {isa = PBXBuildFile; fileRef = 4ACD43C027926F3D0046CEB5 /* UserServer.swift */; };
		4A9F465327AC423400FA8B40 /* UserConverter.swift in Sources */ = {isa = PBXBuildFile; fileRef = 4A777B9427251A7500581CCF /* UserConverter.swift */; };
		4A9F465427AC423600FA8B40 /* UserSymbolController.swift in Sources */ = {isa = PBXBuildFile; fileRef = 4AE3A15D27A52E69002EA45C /* UserSymbolController.swift */; };
		4A9F465527AC423900FA8B40 /* PokerPlusState.swift in Sources */ = {isa = PBXBuildFile; fileRef = 4A914E6427892DF100E93522 /* PokerPlusState.swift */; };
		4A9F465627AC423B00FA8B40 /* PokerPlusRule.swift in Sources */ = {isa = PBXBuildFile; fileRef = 4A914E6E2789692A00E93522 /* PokerPlusRule.swift */; };
		4A9F465727AC423D00FA8B40 /* PokerPlusDealer.swift in Sources */ = {isa = PBXBuildFile; fileRef = 4A914E6627892DFF00E93522 /* PokerPlusDealer.swift */; };
		4A9F465827AC424000FA8B40 /* PokerPlusController.swift in Sources */ = {isa = PBXBuildFile; fileRef = 4A914E6227892DEA00E93522 /* PokerPlusController.swift */; };
		4A9F465927AC424200FA8B40 /* PokerPlusPlayer.swift in Sources */ = {isa = PBXBuildFile; fileRef = 4A914E6827892E0900E93522 /* PokerPlusPlayer.swift */; };
		4A9F465A27AC424400FA8B40 /* PokerPlusLogger.swift in Sources */ = {isa = PBXBuildFile; fileRef = 4A914E7027896FEF00E93522 /* PokerPlusLogger.swift */; };
		4A9F465B27AC424F00FA8B40 /* PokerPlusBot.swift in Sources */ = {isa = PBXBuildFile; fileRef = 4A914E762789C1BD00E93522 /* PokerPlusBot.swift */; };
		4A9F465C27AC425900FA8B40 /* PokerPlusStateRepositoryImpl.swift in Sources */ = {isa = PBXBuildFile; fileRef = 4A914E8B278A9E2500E93522 /* PokerPlusStateRepositoryImpl.swift */; };
		4A9F465D27AC425D00FA8B40 /* PokerPlusServerState.swift in Sources */ = {isa = PBXBuildFile; fileRef = 4ACD43BA279269400046CEB5 /* PokerPlusServerState.swift */; };
		4A9F465E27AC426100FA8B40 /* ServiceError.swift in Sources */ = {isa = PBXBuildFile; fileRef = 4AD0FAA1271174AA00EBB78A /* ServiceError.swift */; };
		4A9F465F27AC426300FA8B40 /* BotUserList.swift in Sources */ = {isa = PBXBuildFile; fileRef = 4A13B9C5279439A1006024B0 /* BotUserList.swift */; };
		4A9F466027AC426700FA8B40 /* SlotMachine.swift in Sources */ = {isa = PBXBuildFile; fileRef = 4A14BBFF271AC12D0056BA3E /* SlotMachine.swift */; };
		4A9F466127AC426900FA8B40 /* SlotFree.swift in Sources */ = {isa = PBXBuildFile; fileRef = 4A3EFB0127490E7F0027488A /* SlotFree.swift */; };
		4A9F466227AC426B00FA8B40 /* SlotDevelopers.swift in Sources */ = {isa = PBXBuildFile; fileRef = 4A3EFB0327490E810027488A /* SlotDevelopers.swift */; };
		4A9F466327AC426D00FA8B40 /* SlotV1M0.swift in Sources */ = {isa = PBXBuildFile; fileRef = 4A3EFB0527490E820027488A /* SlotV1M0.swift */; };
		4A9F466427AC426F00FA8B40 /* SlotClassic.swift in Sources */ = {isa = PBXBuildFile; fileRef = 4A14BC0C271BBCCF0056BA3E /* SlotClassic.swift */; };
		4A9F466527AC427400FA8B40 /* SlotServer.swift in Sources */ = {isa = PBXBuildFile; fileRef = 4ACD43C22792ACEF0046CEB5 /* SlotServer.swift */; };
		4A9F466627AC427700FA8B40 /* User.swift in Sources */ = {isa = PBXBuildFile; fileRef = 4AE3A15927A51C65002EA45C /* User.swift */; };
		4A9F467927AC427E00FA8B40 /* Reel.swift in Sources */ = {isa = PBXBuildFile; fileRef = 4A14BC0E271BC0760056BA3E /* Reel.swift */; };
		4A9F467A27AC427E00FA8B40 /* UserRealm.swift in Sources */ = {isa = PBXBuildFile; fileRef = 3E23B82D262C51080052FF14 /* UserRealm.swift */; };
		4A9F467B27AC427E00FA8B40 /* PokerPlusShowdownAnimation.swift in Sources */ = {isa = PBXBuildFile; fileRef = 4A2F4E09267C3DEA00A7BA6C /* PokerPlusShowdownAnimation.swift */; };
		4A9F467C27AC427E00FA8B40 /* SymbolId.swift in Sources */ = {isa = PBXBuildFile; fileRef = 4AD0FAAB2712313000EBB78A /* SymbolId.swift */; };
		4A9F467D27AC427E00FA8B40 /* MachineId.swift in Sources */ = {isa = PBXBuildFile; fileRef = 4A3EFAFF274900F10027488A /* MachineId.swift */; };
		4A9F467E27AC427E00FA8B40 /* PokerPlusStateRealm.swift in Sources */ = {isa = PBXBuildFile; fileRef = 4A914E8E278AA62500E93522 /* PokerPlusStateRealm.swift */; };
		4A9F467F27AC427E00FA8B40 /* KeycardRealm.swift in Sources */ = {isa = PBXBuildFile; fileRef = 4A914E78278A765900E93522 /* KeycardRealm.swift */; };
		4A9F468027AC427E00FA8B40 /* DrinkId.swift in Sources */ = {isa = PBXBuildFile; fileRef = 4AD0FAA9271230CF00EBB78A /* DrinkId.swift */; };
		4A9F468127AC427E00FA8B40 /* SymbolPocket.swift in Sources */ = {isa = PBXBuildFile; fileRef = 4AE3A15B27A51D20002EA45C /* SymbolPocket.swift */; };
		4A9F468327AC427E00FA8B40 /* ErrorModel.swift in Sources */ = {isa = PBXBuildFile; fileRef = 4A914E81278A92C600E93522 /* ErrorModel.swift */; };
		4A9F468427AC427E00FA8B40 /* Player.swift in Sources */ = {isa = PBXBuildFile; fileRef = 4A914EDD278C978900E93522 /* Player.swift */; };
		4A9F468527AC427E00FA8B40 /* UserType.swift in Sources */ = {isa = PBXBuildFile; fileRef = 4A13B9C127942F99006024B0 /* UserType.swift */; };
		4A9F468627AC427E00FA8B40 /* SuitId.swift in Sources */ = {isa = PBXBuildFile; fileRef = 4AE3A16A27A6341F002EA45C /* SuitId.swift */; };
		4A9F468727AC427E00FA8B40 /* GameId.swift in Sources */ = {isa = PBXBuildFile; fileRef = 4AE3A16527A53F00002EA45C /* GameId.swift */; };
		4A9F468827AC427E00FA8B40 /* Keycard.swift in Sources */ = {isa = PBXBuildFile; fileRef = 4AE3A16127A53D4D002EA45C /* Keycard.swift */; };
		4A9F468927AC427E00FA8B40 /* NumberId.swift in Sources */ = {isa = PBXBuildFile; fileRef = 4AE3A16C27A6343F002EA45C /* NumberId.swift */; };
		4A9F468A27AC427E00FA8B40 /* SlotReelAnimation.swift in Sources */ = {isa = PBXBuildFile; fileRef = 4A914E7F278A921800E93522 /* SlotReelAnimation.swift */; };
		4A9F468B27AC427E00FA8B40 /* BotUser.swift in Sources */ = {isa = PBXBuildFile; fileRef = 4A13B9C32794396A006024B0 /* BotUser.swift */; };
		4A9F468D27AC428800FA8B40 /* IntExtension.swift in Sources */ = {isa = PBXBuildFile; fileRef = 4A4461E12689FE0C00A4D063 /* IntExtension.swift */; };
		4A9F468E27AC428800FA8B40 /* JSONSerializable.swift in Sources */ = {isa = PBXBuildFile; fileRef = 3EA570C52643C20A002F63A6 /* JSONSerializable.swift */; };
		4A9F468F27AC428800FA8B40 /* ArrayExtension.swift in Sources */ = {isa = PBXBuildFile; fileRef = 4AB827262684150500CE7360 /* ArrayExtension.swift */; };
		4A9F469027AC428800FA8B40 /* IdentifiableExtension.swift in Sources */ = {isa = PBXBuildFile; fileRef = 4AB827272684150700CE7360 /* IdentifiableExtension.swift */; };
		4A9F469127AC428800FA8B40 /* PrizeOdds.swift in Sources */ = {isa = PBXBuildFile; fileRef = 4A14BC01271AD55B0056BA3E /* PrizeOdds.swift */; };
		4A9F469227AC428800FA8B40 /* AsciiTable.swift in Sources */ = {isa = PBXBuildFile; fileRef = 3ECFA7BC262325FB00C437B4 /* AsciiTable.swift */; };
		4A9F469327AC428800FA8B40 /* StringExtension.swift in Sources */ = {isa = PBXBuildFile; fileRef = 4AB827252684150300CE7360 /* StringExtension.swift */; };
		4A9F469427AC428800FA8B40 /* HTTP.swift in Sources */ = {isa = PBXBuildFile; fileRef = 4AB827202684139E00CE7360 /* HTTP.swift */; };
		4A9F469527AC429500FA8B40 /* PokerPlusExitRoom.swift in Sources */ = {isa = PBXBuildFile; fileRef = 4AB022D727097CB200A7EC68 /* PokerPlusExitRoom.swift */; };
		4A9F469627AC429500FA8B40 /* UsersCreateUser.swift in Sources */ = {isa = PBXBuildFile; fileRef = 4AF2D7C526E1DFE2000CFB1C /* UsersCreateUser.swift */; };
		4A9F469727AC429500FA8B40 /* PokerPlusPullPutComplete.swift in Sources */ = {isa = PBXBuildFile; fileRef = 4AF2D7B926E1AC14000CFB1C /* PokerPlusPullPutComplete.swift */; };
		4A9F469827AC429500FA8B40 /* PokerPlusPullPutAction.swift in Sources */ = {isa = PBXBuildFile; fileRef = 4AD0FAA72712275B00EBB78A /* PokerPlusPullPutAction.swift */; };
		4A9F469927AC429500FA8B40 /* SlotsSpinSlot.swift in Sources */ = {isa = PBXBuildFile; fileRef = 4AD0FAAD271305D600EBB78A /* SlotsSpinSlot.swift */; };
		4A9F469A27AC429500FA8B40 /* UsersLoadUser.swift in Sources */ = {isa = PBXBuildFile; fileRef = 4AD0FAA32712234D00EBB78A /* UsersLoadUser.swift */; };
		4A9F469B27AC429500FA8B40 /* PokerPlusPullBetComplete.swift in Sources */ = {isa = PBXBuildFile; fileRef = 4AF2D7B726E1ABA6000CFB1C /* PokerPlusPullBetComplete.swift */; };
		4A9F469C27AC429600FA8B40 /* PokerPlusPullPutComplete.swift in Sources */ = {isa = PBXBuildFile; fileRef = 4AF2D7B926E1AC14000CFB1C /* PokerPlusPullPutComplete.swift */; };
		4A9F469F27ADA54800FA8B40 /* SlotTriadAnimation.swift in Sources */ = {isa = PBXBuildFile; fileRef = 4A9F469E27ADA54600FA8B40 /* SlotTriadAnimation.swift */; };
		4A9F46A027ADA54900FA8B40 /* SlotTriadAnimation.swift in Sources */ = {isa = PBXBuildFile; fileRef = 4A9F469E27ADA54600FA8B40 /* SlotTriadAnimation.swift */; };
		4A9F46B227ADB73300FA8B40 /* ReelId.swift in Sources */ = {isa = PBXBuildFile; fileRef = 4A9F46B127ADB73300FA8B40 /* ReelId.swift */; };
		4A9F46B327ADB83000FA8B40 /* PokerPlusScore.swift in Sources */ = {isa = PBXBuildFile; fileRef = 4A9F46AC27ADABD600FA8B40 /* PokerPlusScore.swift */; };
		4A9F46B427ADB83000FA8B40 /* PokerPlusScore.swift in Sources */ = {isa = PBXBuildFile; fileRef = 4A9F46AC27ADABD600FA8B40 /* PokerPlusScore.swift */; };
		4A9F46B527ADB83200FA8B40 /* PokerPlusAnnounceId.swift in Sources */ = {isa = PBXBuildFile; fileRef = 4A9F46AB27ADABD400FA8B40 /* PokerPlusAnnounceId.swift */; };
		4A9F46B627ADB83300FA8B40 /* PokerPlusAnnounceId.swift in Sources */ = {isa = PBXBuildFile; fileRef = 4A9F46AB27ADABD400FA8B40 /* PokerPlusAnnounceId.swift */; };
		4A9F46B727ADB83500FA8B40 /* PokerPlusAnnounce.swift in Sources */ = {isa = PBXBuildFile; fileRef = 4A9F46AA27ADABD300FA8B40 /* PokerPlusAnnounce.swift */; };
		4A9F46B827ADB83600FA8B40 /* PokerPlusAnnounce.swift in Sources */ = {isa = PBXBuildFile; fileRef = 4A9F46AA27ADABD300FA8B40 /* PokerPlusAnnounce.swift */; };
		4AA1A6D126749BEF005B9603 /* Center.swift in Sources */ = {isa = PBXBuildFile; fileRef = 4AA1A6D026749BEF005B9603 /* Center.swift */; };
		4AA1A6D226749C3C005B9603 /* Center.swift in Sources */ = {isa = PBXBuildFile; fileRef = 4AA1A6D026749BEF005B9603 /* Center.swift */; };
		4AB022D827097CB200A7EC68 /* PokerPlusExitRoom.swift in Sources */ = {isa = PBXBuildFile; fileRef = 4AB022D727097CB200A7EC68 /* PokerPlusExitRoom.swift */; };
		4AB827162684130E00CE7360 /* PokerPlusPutAction.swift in Sources */ = {isa = PBXBuildFile; fileRef = 4AB827112684130E00CE7360 /* PokerPlusPutAction.swift */; };
		4AB827172684130E00CE7360 /* PokerPlusPutAction.swift in Sources */ = {isa = PBXBuildFile; fileRef = 4AB827112684130E00CE7360 /* PokerPlusPutAction.swift */; };
		4AB827182684130E00CE7360 /* PokerPlusEnterRoom.swift in Sources */ = {isa = PBXBuildFile; fileRef = 4AB8270E2684130E00CE7360 /* PokerPlusEnterRoom.swift */; };
		4AB827192684130E00CE7360 /* PokerPlusEnterRoom.swift in Sources */ = {isa = PBXBuildFile; fileRef = 4AB8270E2684130E00CE7360 /* PokerPlusEnterRoom.swift */; };
		4AB8271A2684130E00CE7360 /* PokerPlusBetAction.swift in Sources */ = {isa = PBXBuildFile; fileRef = 4AB8270F2684130E00CE7360 /* PokerPlusBetAction.swift */; };
		4AB8271B2684130E00CE7360 /* PokerPlusBetAction.swift in Sources */ = {isa = PBXBuildFile; fileRef = 4AB8270F2684130E00CE7360 /* PokerPlusBetAction.swift */; };
		4AB8271C2684130E00CE7360 /* PokerPlusLoadRoom.swift in Sources */ = {isa = PBXBuildFile; fileRef = 4AB827102684130E00CE7360 /* PokerPlusLoadRoom.swift */; };
		4AB8271D2684130E00CE7360 /* PokerPlusLoadRoom.swift in Sources */ = {isa = PBXBuildFile; fileRef = 4AB827102684130E00CE7360 /* PokerPlusLoadRoom.swift */; };
		4AB827212684139E00CE7360 /* HTTP.swift in Sources */ = {isa = PBXBuildFile; fileRef = 4AB827202684139E00CE7360 /* HTTP.swift */; };
		4AB8272926842ED800CE7360 /* ArrayExtension.swift in Sources */ = {isa = PBXBuildFile; fileRef = 4AB827262684150500CE7360 /* ArrayExtension.swift */; };
		4AB8272A26842EDD00CE7360 /* StringExtension.swift in Sources */ = {isa = PBXBuildFile; fileRef = 4AB827252684150300CE7360 /* StringExtension.swift */; };
		4AB8272D26842EE600CE7360 /* IdentifiableExtension.swift in Sources */ = {isa = PBXBuildFile; fileRef = 4AB827272684150700CE7360 /* IdentifiableExtension.swift */; };
		4AB8273C2684FCFE00CE7360 /* Router.swift in Sources */ = {isa = PBXBuildFile; fileRef = 4AB8273B2684FCFE00CE7360 /* Router.swift */; };
		4ACD43BB279269400046CEB5 /* PokerPlusServerState.swift in Sources */ = {isa = PBXBuildFile; fileRef = 4ACD43BA279269400046CEB5 /* PokerPlusServerState.swift */; };
		4ACD43BF27926CDE0046CEB5 /* DBServerState.swift in Sources */ = {isa = PBXBuildFile; fileRef = 4ACD43BE27926CDE0046CEB5 /* DBServerState.swift */; };
		4ACD43C127926F3D0046CEB5 /* UserServer.swift in Sources */ = {isa = PBXBuildFile; fileRef = 4ACD43C027926F3D0046CEB5 /* UserServer.swift */; };
		4ACD43C32792AD550046CEB5 /* SlotServer.swift in Sources */ = {isa = PBXBuildFile; fileRef = 4ACD43C22792ACEF0046CEB5 /* SlotServer.swift */; };
		4AD0FAA2271174AA00EBB78A /* ServiceError.swift in Sources */ = {isa = PBXBuildFile; fileRef = 4AD0FAA1271174AA00EBB78A /* ServiceError.swift */; };
		4AD0FAA42712234D00EBB78A /* UsersLoadUser.swift in Sources */ = {isa = PBXBuildFile; fileRef = 4AD0FAA32712234D00EBB78A /* UsersLoadUser.swift */; };
		4AD0FAA82712276900EBB78A /* PokerPlusPullPutAction.swift in Sources */ = {isa = PBXBuildFile; fileRef = 4AD0FAA72712275B00EBB78A /* PokerPlusPullPutAction.swift */; };
		4AD0FAAA271230CF00EBB78A /* DrinkId.swift in Sources */ = {isa = PBXBuildFile; fileRef = 4AD0FAA9271230CF00EBB78A /* DrinkId.swift */; };
		4AD0FAAC2712313000EBB78A /* SymbolId.swift in Sources */ = {isa = PBXBuildFile; fileRef = 4AD0FAAB2712313000EBB78A /* SymbolId.swift */; };
		4AD0FAAE271305D600EBB78A /* SlotsSpinSlot.swift in Sources */ = {isa = PBXBuildFile; fileRef = 4AD0FAAD271305D600EBB78A /* SlotsSpinSlot.swift */; };
		4ADBEEC826A3675000DF9CD4 /* PokerPlusShowdownAnimationBuilder.swift in Sources */ = {isa = PBXBuildFile; fileRef = 4ADBEEC726A3674F00DF9CD4 /* PokerPlusShowdownAnimationBuilder.swift */; };
		4ADBEECA26A3683B00DF9CD4 /* PokerPlusScoreListBuilder.swift in Sources */ = {isa = PBXBuildFile; fileRef = 4ADBEEC926A3683B00DF9CD4 /* PokerPlusScoreListBuilder.swift */; };
		4ADBEEED26AA945800DF9CD4 /* Router.swift in Sources */ = {isa = PBXBuildFile; fileRef = 4AB8273B2684FCFE00CE7360 /* Router.swift */; };
		4ADBEEEE26AA946500DF9CD4 /* DBServer.swift in Sources */ = {isa = PBXBuildFile; fileRef = 3EA570B126425F6C002F63A6 /* DBServer.swift */; };
		4ADBEEF326AA947E00DF9CD4 /* PokerPlusShowdownAnimationBuilder.swift in Sources */ = {isa = PBXBuildFile; fileRef = 4ADBEEC726A3674F00DF9CD4 /* PokerPlusShowdownAnimationBuilder.swift */; };
		4ADBEEF526AA948400DF9CD4 /* PokerPlusScoreListBuilder.swift in Sources */ = {isa = PBXBuildFile; fileRef = 4ADBEEC926A3683B00DF9CD4 /* PokerPlusScoreListBuilder.swift */; };
		4AE3A15A27A51C65002EA45C /* User.swift in Sources */ = {isa = PBXBuildFile; fileRef = 4AE3A15927A51C65002EA45C /* User.swift */; };
		4AE3A15C27A51D44002EA45C /* SymbolPocket.swift in Sources */ = {isa = PBXBuildFile; fileRef = 4AE3A15B27A51D20002EA45C /* SymbolPocket.swift */; };
		4AE3A15E27A52E69002EA45C /* UserSymbolController.swift in Sources */ = {isa = PBXBuildFile; fileRef = 4AE3A15D27A52E69002EA45C /* UserSymbolController.swift */; };
		4AE3A16027A53CF7002EA45C /* KeycardConverter.swift in Sources */ = {isa = PBXBuildFile; fileRef = 4AE3A15F27A53CF7002EA45C /* KeycardConverter.swift */; };
		4AE3A16227A53DAB002EA45C /* Keycard.swift in Sources */ = {isa = PBXBuildFile; fileRef = 4AE3A16127A53D4D002EA45C /* Keycard.swift */; };
		4AE3A16627A53F00002EA45C /* GameId.swift in Sources */ = {isa = PBXBuildFile; fileRef = 4AE3A16527A53F00002EA45C /* GameId.swift */; };
		4AE3A16B27A6341F002EA45C /* SuitId.swift in Sources */ = {isa = PBXBuildFile; fileRef = 4AE3A16A27A6341F002EA45C /* SuitId.swift */; };
		4AE3A16D27A6343F002EA45C /* NumberId.swift in Sources */ = {isa = PBXBuildFile; fileRef = 4AE3A16C27A6343F002EA45C /* NumberId.swift */; };
		4AF2D7B826E1ABA6000CFB1C /* PokerPlusPullBetComplete.swift in Sources */ = {isa = PBXBuildFile; fileRef = 4AF2D7B726E1ABA6000CFB1C /* PokerPlusPullBetComplete.swift */; };
		4AF2D7C626E1DFE2000CFB1C /* UsersCreateUser.swift in Sources */ = {isa = PBXBuildFile; fileRef = 4AF2D7C526E1DFE2000CFB1C /* UsersCreateUser.swift */; };
/* End PBXBuildFile section */

/* Begin PBXContainerItemProxy section */
		3E23B819262BF40B0052FF14 /* PBXContainerItemProxy */ = {
			isa = PBXContainerItemProxy;
			containerPortal = 3E941A1125E5636A005AD380 /* Project object */;
			proxyType = 1;
			remoteGlobalIDString = 3E941A1825E5636A005AD380;
			remoteInfo = CasinoCity;
		};
/* End PBXContainerItemProxy section */

/* Begin PBXCopyFilesBuildPhase section */
		3E941A1725E5636A005AD380 /* CopyFiles */ = {
			isa = PBXCopyFilesBuildPhase;
			buildActionMask = 2147483647;
			dstPath = "include/$(PRODUCT_NAME)";
			dstSubfolderSpec = 16;
			files = (
			);
			runOnlyForDeploymentPostprocessing = 0;
		};
/* End PBXCopyFilesBuildPhase section */

/* Begin PBXFileReference section */
		3E23B813262BF40B0052FF14 /* CenterTests.xctest */ = {isa = PBXFileReference; explicitFileType = wrapper.cfbundle; includeInIndex = 0; path = CenterTests.xctest; sourceTree = BUILT_PRODUCTS_DIR; };
		3E23B815262BF40B0052FF14 /* CenterTests.swift */ = {isa = PBXFileReference; lastKnownFileType = sourcecode.swift; path = CenterTests.swift; sourceTree = "<group>"; };
		3E23B817262BF40B0052FF14 /* Info.plist */ = {isa = PBXFileReference; lastKnownFileType = text.plist.xml; path = Info.plist; sourceTree = "<group>"; };
		3E23B82D262C51080052FF14 /* UserRealm.swift */ = {isa = PBXFileReference; lastKnownFileType = sourcecode.swift; path = UserRealm.swift; sourceTree = "<group>"; };
		3E941A1925E5636A005AD380 /* libCenter.a */ = {isa = PBXFileReference; explicitFileType = archive.ar; includeInIndex = 0; path = libCenter.a; sourceTree = BUILT_PRODUCTS_DIR; };
		3EA570B126425F6C002F63A6 /* DBServer.swift */ = {isa = PBXFileReference; lastKnownFileType = sourcecode.swift; path = DBServer.swift; sourceTree = "<group>"; };
		3EA570C52643C20A002F63A6 /* JSONSerializable.swift */ = {isa = PBXFileReference; lastKnownFileType = sourcecode.swift; path = JSONSerializable.swift; sourceTree = "<group>"; };
		3ECFA7BC262325FB00C437B4 /* AsciiTable.swift */ = {isa = PBXFileReference; fileEncoding = 4; lastKnownFileType = sourcecode.swift; path = AsciiTable.swift; sourceTree = "<group>"; };
		4A06011526E10BCA008EFEFB /* UserRepository.swift */ = {isa = PBXFileReference; lastKnownFileType = sourcecode.swift; path = UserRepository.swift; sourceTree = "<group>"; };
		4A13B9C127942F99006024B0 /* UserType.swift */ = {isa = PBXFileReference; lastKnownFileType = sourcecode.swift; path = UserType.swift; sourceTree = "<group>"; };
		4A13B9C32794396A006024B0 /* BotUser.swift */ = {isa = PBXFileReference; lastKnownFileType = sourcecode.swift; path = BotUser.swift; sourceTree = "<group>"; };
		4A13B9C5279439A1006024B0 /* BotUserList.swift */ = {isa = PBXFileReference; lastKnownFileType = sourcecode.swift; path = BotUserList.swift; sourceTree = "<group>"; };
		4A14BBFF271AC12D0056BA3E /* SlotMachine.swift */ = {isa = PBXFileReference; lastKnownFileType = sourcecode.swift; path = SlotMachine.swift; sourceTree = "<group>"; };
		4A14BC01271AD55B0056BA3E /* PrizeOdds.swift */ = {isa = PBXFileReference; lastKnownFileType = sourcecode.swift; path = PrizeOdds.swift; sourceTree = "<group>"; };
		4A14BC0C271BBCCF0056BA3E /* SlotClassic.swift */ = {isa = PBXFileReference; lastKnownFileType = sourcecode.swift; path = SlotClassic.swift; sourceTree = "<group>"; };
		4A14BC0E271BC0760056BA3E /* Reel.swift */ = {isa = PBXFileReference; lastKnownFileType = sourcecode.swift; path = Reel.swift; sourceTree = "<group>"; };
		4A2F4E09267C3DEA00A7BA6C /* PokerPlusShowdownAnimation.swift */ = {isa = PBXFileReference; lastKnownFileType = sourcecode.swift; path = PokerPlusShowdownAnimation.swift; sourceTree = "<group>"; };
		4A2F4E0D267C508300A7BA6C /* PokerPlusSpeaker.swift */ = {isa = PBXFileReference; lastKnownFileType = sourcecode.swift; path = PokerPlusSpeaker.swift; sourceTree = "<group>"; };
		4A2F4E24267DB2CB00A7BA6C /* PokerPlusAPIModelBuilder.swift */ = {isa = PBXFileReference; lastKnownFileType = sourcecode.swift; path = PokerPlusAPIModelBuilder.swift; sourceTree = "<group>"; };
		4A3EFAFF274900F10027488A /* MachineId.swift */ = {isa = PBXFileReference; fileEncoding = 4; lastKnownFileType = sourcecode.swift; path = MachineId.swift; sourceTree = "<group>"; };
		4A3EFB0127490E7F0027488A /* SlotFree.swift */ = {isa = PBXFileReference; lastKnownFileType = sourcecode.swift; path = SlotFree.swift; sourceTree = "<group>"; };
		4A3EFB0327490E810027488A /* SlotDevelopers.swift */ = {isa = PBXFileReference; lastKnownFileType = sourcecode.swift; path = SlotDevelopers.swift; sourceTree = "<group>"; };
		4A3EFB0527490E820027488A /* SlotV1M0.swift */ = {isa = PBXFileReference; lastKnownFileType = sourcecode.swift; path = SlotV1M0.swift; sourceTree = "<group>"; };
		4A4461E12689FE0C00A4D063 /* IntExtension.swift */ = {isa = PBXFileReference; lastKnownFileType = sourcecode.swift; path = IntExtension.swift; sourceTree = "<group>"; };
		4A777B9427251A7500581CCF /* UserConverter.swift */ = {isa = PBXFileReference; lastKnownFileType = sourcecode.swift; path = UserConverter.swift; sourceTree = "<group>"; };
		4A8EF9A82690BE2100D19929 /* UsersUpdateUser.swift */ = {isa = PBXFileReference; lastKnownFileType = sourcecode.swift; path = UsersUpdateUser.swift; sourceTree = "<group>"; };
		4A914E6227892DEA00E93522 /* PokerPlusController.swift */ = {isa = PBXFileReference; lastKnownFileType = sourcecode.swift; path = PokerPlusController.swift; sourceTree = "<group>"; };
		4A914E6427892DF100E93522 /* PokerPlusState.swift */ = {isa = PBXFileReference; lastKnownFileType = sourcecode.swift; path = PokerPlusState.swift; sourceTree = "<group>"; };
		4A914E6627892DFF00E93522 /* PokerPlusDealer.swift */ = {isa = PBXFileReference; lastKnownFileType = sourcecode.swift; path = PokerPlusDealer.swift; sourceTree = "<group>"; };
		4A914E6827892E0900E93522 /* PokerPlusPlayer.swift */ = {isa = PBXFileReference; lastKnownFileType = sourcecode.swift; path = PokerPlusPlayer.swift; sourceTree = "<group>"; };
		4A914E6E2789692A00E93522 /* PokerPlusRule.swift */ = {isa = PBXFileReference; lastKnownFileType = sourcecode.swift; path = PokerPlusRule.swift; sourceTree = "<group>"; };
		4A914E7027896FEF00E93522 /* PokerPlusLogger.swift */ = {isa = PBXFileReference; lastKnownFileType = sourcecode.swift; path = PokerPlusLogger.swift; sourceTree = "<group>"; };
		4A914E722789BCCB00E93522 /* PokerPlusServer.swift */ = {isa = PBXFileReference; lastKnownFileType = sourcecode.swift; path = PokerPlusServer.swift; sourceTree = "<group>"; };
		4A914E762789C1BD00E93522 /* PokerPlusBot.swift */ = {isa = PBXFileReference; lastKnownFileType = sourcecode.swift; path = PokerPlusBot.swift; sourceTree = "<group>"; };
		4A914E78278A765900E93522 /* KeycardRealm.swift */ = {isa = PBXFileReference; lastKnownFileType = sourcecode.swift; path = KeycardRealm.swift; sourceTree = "<group>"; };
		4A914E7A278A7BE000E93522 /* PokerPlusMatcher.swift */ = {isa = PBXFileReference; lastKnownFileType = sourcecode.swift; path = PokerPlusMatcher.swift; sourceTree = "<group>"; };
		4A914E7B278A834700E93522 /* KeycardRealmRepository.swift */ = {isa = PBXFileReference; lastKnownFileType = sourcecode.swift; path = KeycardRealmRepository.swift; sourceTree = "<group>"; };
		4A914E7F278A921800E93522 /* SlotReelAnimation.swift */ = {isa = PBXFileReference; lastKnownFileType = sourcecode.swift; path = SlotReelAnimation.swift; sourceTree = "<group>"; };
		4A914E81278A92C600E93522 /* ErrorModel.swift */ = {isa = PBXFileReference; lastKnownFileType = sourcecode.swift; path = ErrorModel.swift; sourceTree = "<group>"; };
		4A914E8B278A9E2500E93522 /* PokerPlusStateRepositoryImpl.swift */ = {isa = PBXFileReference; lastKnownFileType = sourcecode.swift; path = PokerPlusStateRepositoryImpl.swift; sourceTree = "<group>"; };
		4A914E8E278AA62500E93522 /* PokerPlusStateRealm.swift */ = {isa = PBXFileReference; lastKnownFileType = sourcecode.swift; path = PokerPlusStateRealm.swift; sourceTree = "<group>"; };
		4A914EDD278C978900E93522 /* Player.swift */ = {isa = PBXFileReference; fileEncoding = 4; lastKnownFileType = sourcecode.swift; path = Player.swift; sourceTree = "<group>"; };
		4A9F469E27ADA54600FA8B40 /* SlotTriadAnimation.swift */ = {isa = PBXFileReference; lastKnownFileType = sourcecode.swift; path = SlotTriadAnimation.swift; sourceTree = "<group>"; };
		4A9F46AA27ADABD300FA8B40 /* PokerPlusAnnounce.swift */ = {isa = PBXFileReference; lastKnownFileType = sourcecode.swift; path = PokerPlusAnnounce.swift; sourceTree = "<group>"; };
		4A9F46AB27ADABD400FA8B40 /* PokerPlusAnnounceId.swift */ = {isa = PBXFileReference; lastKnownFileType = sourcecode.swift; path = PokerPlusAnnounceId.swift; sourceTree = "<group>"; };
		4A9F46AC27ADABD600FA8B40 /* PokerPlusScore.swift */ = {isa = PBXFileReference; lastKnownFileType = sourcecode.swift; path = PokerPlusScore.swift; sourceTree = "<group>"; };
		4A9F46B127ADB73300FA8B40 /* ReelId.swift */ = {isa = PBXFileReference; fileEncoding = 4; lastKnownFileType = sourcecode.swift; path = ReelId.swift; sourceTree = "<group>"; };
		4AA1A6D026749BEF005B9603 /* Center.swift */ = {isa = PBXFileReference; lastKnownFileType = sourcecode.swift; path = Center.swift; sourceTree = "<group>"; };
		4AB022D727097CB200A7EC68 /* PokerPlusExitRoom.swift */ = {isa = PBXFileReference; lastKnownFileType = sourcecode.swift; path = PokerPlusExitRoom.swift; sourceTree = "<group>"; };
		4AB8270E2684130E00CE7360 /* PokerPlusEnterRoom.swift */ = {isa = PBXFileReference; lastKnownFileType = sourcecode.swift; path = PokerPlusEnterRoom.swift; sourceTree = "<group>"; };
		4AB8270F2684130E00CE7360 /* PokerPlusBetAction.swift */ = {isa = PBXFileReference; lastKnownFileType = sourcecode.swift; path = PokerPlusBetAction.swift; sourceTree = "<group>"; };
		4AB827102684130E00CE7360 /* PokerPlusLoadRoom.swift */ = {isa = PBXFileReference; lastKnownFileType = sourcecode.swift; path = PokerPlusLoadRoom.swift; sourceTree = "<group>"; };
		4AB827112684130E00CE7360 /* PokerPlusPutAction.swift */ = {isa = PBXFileReference; lastKnownFileType = sourcecode.swift; path = PokerPlusPutAction.swift; sourceTree = "<group>"; };
		4AB827202684139E00CE7360 /* HTTP.swift */ = {isa = PBXFileReference; fileEncoding = 4; lastKnownFileType = sourcecode.swift; path = HTTP.swift; sourceTree = "<group>"; };
		4AB827252684150300CE7360 /* StringExtension.swift */ = {isa = PBXFileReference; lastKnownFileType = sourcecode.swift; path = StringExtension.swift; sourceTree = "<group>"; };
		4AB827262684150500CE7360 /* ArrayExtension.swift */ = {isa = PBXFileReference; lastKnownFileType = sourcecode.swift; path = ArrayExtension.swift; sourceTree = "<group>"; };
		4AB827272684150700CE7360 /* IdentifiableExtension.swift */ = {isa = PBXFileReference; lastKnownFileType = sourcecode.swift; path = IdentifiableExtension.swift; sourceTree = "<group>"; };
		4AB8273B2684FCFE00CE7360 /* Router.swift */ = {isa = PBXFileReference; lastKnownFileType = sourcecode.swift; path = Router.swift; sourceTree = "<group>"; };
		4ACD43BA279269400046CEB5 /* PokerPlusServerState.swift */ = {isa = PBXFileReference; lastKnownFileType = sourcecode.swift; path = PokerPlusServerState.swift; sourceTree = "<group>"; };
		4ACD43BE27926CDE0046CEB5 /* DBServerState.swift */ = {isa = PBXFileReference; lastKnownFileType = sourcecode.swift; path = DBServerState.swift; sourceTree = "<group>"; };
		4ACD43C027926F3D0046CEB5 /* UserServer.swift */ = {isa = PBXFileReference; lastKnownFileType = sourcecode.swift; path = UserServer.swift; sourceTree = "<group>"; };
		4ACD43C22792ACEF0046CEB5 /* SlotServer.swift */ = {isa = PBXFileReference; lastKnownFileType = sourcecode.swift; path = SlotServer.swift; sourceTree = "<group>"; };
		4AD0FAA1271174AA00EBB78A /* ServiceError.swift */ = {isa = PBXFileReference; lastKnownFileType = sourcecode.swift; path = ServiceError.swift; sourceTree = "<group>"; };
		4AD0FAA32712234D00EBB78A /* UsersLoadUser.swift */ = {isa = PBXFileReference; lastKnownFileType = sourcecode.swift; path = UsersLoadUser.swift; sourceTree = "<group>"; };
		4AD0FAA72712275B00EBB78A /* PokerPlusPullPutAction.swift */ = {isa = PBXFileReference; lastKnownFileType = sourcecode.swift; path = PokerPlusPullPutAction.swift; sourceTree = "<group>"; };
		4AD0FAA9271230CF00EBB78A /* DrinkId.swift */ = {isa = PBXFileReference; lastKnownFileType = sourcecode.swift; path = DrinkId.swift; sourceTree = "<group>"; };
		4AD0FAAB2712313000EBB78A /* SymbolId.swift */ = {isa = PBXFileReference; lastKnownFileType = sourcecode.swift; path = SymbolId.swift; sourceTree = "<group>"; };
		4AD0FAAD271305D600EBB78A /* SlotsSpinSlot.swift */ = {isa = PBXFileReference; lastKnownFileType = sourcecode.swift; path = SlotsSpinSlot.swift; sourceTree = "<group>"; };
		4ADBEEC726A3674F00DF9CD4 /* PokerPlusShowdownAnimationBuilder.swift */ = {isa = PBXFileReference; lastKnownFileType = sourcecode.swift; path = PokerPlusShowdownAnimationBuilder.swift; sourceTree = "<group>"; };
		4ADBEEC926A3683B00DF9CD4 /* PokerPlusScoreListBuilder.swift */ = {isa = PBXFileReference; lastKnownFileType = sourcecode.swift; path = PokerPlusScoreListBuilder.swift; sourceTree = "<group>"; };
		4AE3A15927A51C65002EA45C /* User.swift */ = {isa = PBXFileReference; lastKnownFileType = sourcecode.swift; path = User.swift; sourceTree = "<group>"; };
		4AE3A15B27A51D20002EA45C /* SymbolPocket.swift */ = {isa = PBXFileReference; lastKnownFileType = sourcecode.swift; path = SymbolPocket.swift; sourceTree = "<group>"; };
		4AE3A15D27A52E69002EA45C /* UserSymbolController.swift */ = {isa = PBXFileReference; lastKnownFileType = sourcecode.swift; path = UserSymbolController.swift; sourceTree = "<group>"; };
		4AE3A15F27A53CF7002EA45C /* KeycardConverter.swift */ = {isa = PBXFileReference; lastKnownFileType = sourcecode.swift; path = KeycardConverter.swift; sourceTree = "<group>"; };
		4AE3A16127A53D4D002EA45C /* Keycard.swift */ = {isa = PBXFileReference; lastKnownFileType = sourcecode.swift; path = Keycard.swift; sourceTree = "<group>"; };
		4AE3A16527A53F00002EA45C /* GameId.swift */ = {isa = PBXFileReference; fileEncoding = 4; lastKnownFileType = sourcecode.swift; path = GameId.swift; sourceTree = "<group>"; };
		4AE3A16A27A6341F002EA45C /* SuitId.swift */ = {isa = PBXFileReference; lastKnownFileType = sourcecode.swift; path = SuitId.swift; sourceTree = "<group>"; };
		4AE3A16C27A6343F002EA45C /* NumberId.swift */ = {isa = PBXFileReference; lastKnownFileType = sourcecode.swift; path = NumberId.swift; sourceTree = "<group>"; };
		4AF2D7B726E1ABA6000CFB1C /* PokerPlusPullBetComplete.swift */ = {isa = PBXFileReference; lastKnownFileType = sourcecode.swift; path = PokerPlusPullBetComplete.swift; sourceTree = "<group>"; };
		4AF2D7B926E1AC14000CFB1C /* PokerPlusPullPutComplete.swift */ = {isa = PBXFileReference; lastKnownFileType = sourcecode.swift; path = PokerPlusPullPutComplete.swift; sourceTree = "<group>"; };
		4AF2D7C526E1DFE2000CFB1C /* UsersCreateUser.swift */ = {isa = PBXFileReference; lastKnownFileType = sourcecode.swift; path = UsersCreateUser.swift; sourceTree = "<group>"; };
/* End PBXFileReference section */

/* Begin PBXFrameworksBuildPhase section */
		3E23B810262BF40B0052FF14 /* Frameworks */ = {
			isa = PBXFrameworksBuildPhase;
			buildActionMask = 2147483647;
			files = (
				3E23B818262BF40B0052FF14 /* libCenter.a in Frameworks */,
			);
			runOnlyForDeploymentPostprocessing = 0;
		};
		3E941A1625E5636A005AD380 /* Frameworks */ = {
			isa = PBXFrameworksBuildPhase;
			buildActionMask = 2147483647;
			files = (
				4A2B810E267468DA0013537F /* RealmSwift in Frameworks */,
				4A2B810C267468DA0013537F /* Realm in Frameworks */,
			);
			runOnlyForDeploymentPostprocessing = 0;
		};
/* End PBXFrameworksBuildPhase section */

/* Begin PBXGroup section */
		3E23B814262BF40B0052FF14 /* CenterTests */ = {
			isa = PBXGroup;
			children = (
				3E23B815262BF40B0052FF14 /* CenterTests.swift */,
				3E23B817262BF40B0052FF14 /* Info.plist */,
			);
			path = CenterTests;
			sourceTree = "<group>";
		};
		3E941A1025E5636A005AD380 = {
			isa = PBXGroup;
			children = (
				3E941A1B25E5636A005AD380 /* Center */,
				3E23B814262BF40B0052FF14 /* CenterTests */,
				3E941A1A25E5636A005AD380 /* Products */,
			);
			sourceTree = "<group>";
		};
		3E941A1A25E5636A005AD380 /* Products */ = {
			isa = PBXGroup;
			children = (
				3E941A1925E5636A005AD380 /* libCenter.a */,
				3E23B813262BF40B0052FF14 /* CenterTests.xctest */,
			);
			name = Products;
			sourceTree = "<group>";
		};
		3E941A1B25E5636A005AD380 /* Center */ = {
			isa = PBXGroup;
			children = (
				4AE3A16927A633C5002EA45C /* CenterServer */,
				4ACD43BD27926C110046CEB5 /* DBServer */,
				4A914E89278A973200E93522 /* UserServer */,
				4A914E6127892DCB00E93522 /* PokerPlus */,
				4A914E86278A961600E93522 /* PokerPlusServer */,
				4A14BC03271ADAC40056BA3E /* Config */,
				4A14BBFE271AC11C0056BA3E /* Slot */,
				4A914E8A278A97D000E93522 /* SlotServer */,
				4AF2D7A526E18C30000CFB1C /* Types */,
				4AA1A6D026749BEF005B9603 /* Center.swift */,
				4AB827032683A9CC00CE7360 /* Utils */,
				3EA570B426426117002F63A6 /* WebAPI */,
			);
			path = Center;
			sourceTree = "<group>";
		};
		3EA570B426426117002F63A6 /* WebAPI */ = {
			isa = PBXGroup;
			children = (
				4AB8273B2684FCFE00CE7360 /* Router.swift */,
				4AB827282684182D00CE7360 /* Routes */,
			);
			path = WebAPI;
			sourceTree = "<group>";
		};
		4A14BBFE271AC11C0056BA3E /* Slot */ = {
			isa = PBXGroup;
			children = (
				4A14BBFF271AC12D0056BA3E /* SlotMachine.swift */,
				4A3EFB0127490E7F0027488A /* SlotFree.swift */,
				4A3EFB0327490E810027488A /* SlotDevelopers.swift */,
				4A3EFB0527490E820027488A /* SlotV1M0.swift */,
				4A14BC0C271BBCCF0056BA3E /* SlotClassic.swift */,
			);
			path = Slot;
			sourceTree = "<group>";
		};
		4A14BC03271ADAC40056BA3E /* Config */ = {
			isa = PBXGroup;
			children = (
				4AD0FAA1271174AA00EBB78A /* ServiceError.swift */,
				4A13B9C5279439A1006024B0 /* BotUserList.swift */,
			);
			path = Config;
			sourceTree = "<group>";
		};
		4A914E6127892DCB00E93522 /* PokerPlus */ = {
			isa = PBXGroup;
			children = (
				4A914E6427892DF100E93522 /* PokerPlusState.swift */,
				4A914E6E2789692A00E93522 /* PokerPlusRule.swift */,
				4A914E6627892DFF00E93522 /* PokerPlusDealer.swift */,
				4A914E6827892E0900E93522 /* PokerPlusPlayer.swift */,
				4A914E6227892DEA00E93522 /* PokerPlusController.swift */,
				4A914E7027896FEF00E93522 /* PokerPlusLogger.swift */,
			);
			path = PokerPlus;
			sourceTree = "<group>";
		};
		4A914E86278A961600E93522 /* PokerPlusServer */ = {
			isa = PBXGroup;
			children = (
				4A914E762789C1BD00E93522 /* PokerPlusBot.swift */,
				4A2F4E24267DB2CB00A7BA6C /* PokerPlusAPIModelBuilder.swift */,
				4A914E7A278A7BE000E93522 /* PokerPlusMatcher.swift */,
				4A914E722789BCCB00E93522 /* PokerPlusServer.swift */,
				4ADBEEC726A3674F00DF9CD4 /* PokerPlusShowdownAnimationBuilder.swift */,
				4ADBEEC926A3683B00DF9CD4 /* PokerPlusScoreListBuilder.swift */,
				4A914E8B278A9E2500E93522 /* PokerPlusStateRepositoryImpl.swift */,
				4A2F4E0D267C508300A7BA6C /* PokerPlusSpeaker.swift */,
				4ACD43BA279269400046CEB5 /* PokerPlusServerState.swift */,
			);
			path = PokerPlusServer;
			sourceTree = "<group>";
		};
		4A914E89278A973200E93522 /* UserServer */ = {
			isa = PBXGroup;
			children = (
				4A06011526E10BCA008EFEFB /* UserRepository.swift */,
				4ACD43C027926F3D0046CEB5 /* UserServer.swift */,
				4A777B9427251A7500581CCF /* UserConverter.swift */,
				4AE3A15D27A52E69002EA45C /* UserSymbolController.swift */,
			);
			path = UserServer;
			sourceTree = "<group>";
		};
		4A914E8A278A97D000E93522 /* SlotServer */ = {
			isa = PBXGroup;
			children = (
				4ACD43C22792ACEF0046CEB5 /* SlotServer.swift */,
			);
			path = SlotServer;
			sourceTree = "<group>";
		};
		4AB827032683A9CC00CE7360 /* Utils */ = {
			isa = PBXGroup;
			children = (
				3ECFA7BC262325FB00C437B4 /* AsciiTable.swift */,
				4A4461E12689FE0C00A4D063 /* IntExtension.swift */,
				4AB827252684150300CE7360 /* StringExtension.swift */,
				4AB827262684150500CE7360 /* ArrayExtension.swift */,
				4AB827272684150700CE7360 /* IdentifiableExtension.swift */,
				3EA570C52643C20A002F63A6 /* JSONSerializable.swift */,
				4AB827202684139E00CE7360 /* HTTP.swift */,
				4A14BC01271AD55B0056BA3E /* PrizeOdds.swift */,
			);
			path = Utils;
			sourceTree = "<group>";
		};
		4AB827282684182D00CE7360 /* Routes */ = {
			isa = PBXGroup;
			children = (
				4A8EF9A82690BE2100D19929 /* UsersUpdateUser.swift */,
				4AF2D7C526E1DFE2000CFB1C /* UsersCreateUser.swift */,
				4AD0FAA32712234D00EBB78A /* UsersLoadUser.swift */,
				4AB8270E2684130E00CE7360 /* PokerPlusEnterRoom.swift */,
				4AB022D727097CB200A7EC68 /* PokerPlusExitRoom.swift */,
				4AB8270F2684130E00CE7360 /* PokerPlusBetAction.swift */,
				4AB827112684130E00CE7360 /* PokerPlusPutAction.swift */,
				4AB827102684130E00CE7360 /* PokerPlusLoadRoom.swift */,
				4AF2D7B926E1AC14000CFB1C /* PokerPlusPullPutComplete.swift */,
				4AD0FAA72712275B00EBB78A /* PokerPlusPullPutAction.swift */,
				4AF2D7B726E1ABA6000CFB1C /* PokerPlusPullBetComplete.swift */,
				4AD0FAAD271305D600EBB78A /* SlotsSpinSlot.swift */,
			);
			path = Routes;
			sourceTree = "<group>";
		};
		4ACD43BD27926C110046CEB5 /* DBServer */ = {
			isa = PBXGroup;
			children = (
				3EA570B126425F6C002F63A6 /* DBServer.swift */,
				4ACD43BE27926CDE0046CEB5 /* DBServerState.swift */,
			);
			path = DBServer;
			sourceTree = "<group>";
		};
		4AE3A16927A633C5002EA45C /* CenterServer */ = {
			isa = PBXGroup;
			children = (
				4A914E7B278A834700E93522 /* KeycardRealmRepository.swift */,
				4AE3A15F27A53CF7002EA45C /* KeycardConverter.swift */,
			);
			path = CenterServer;
			sourceTree = "<group>";
		};
		4AF2D7A526E18C30000CFB1C /* Types */ = {
			isa = PBXGroup;
			children = (
				4AE3A15927A51C65002EA45C /* User.swift */,
				4AE3A15B27A51D20002EA45C /* SymbolPocket.swift */,
				3E23B82D262C51080052FF14 /* UserRealm.swift */,
				4A914E78278A765900E93522 /* KeycardRealm.swift */,
				4AE3A16127A53D4D002EA45C /* Keycard.swift */,
				4A2F4E09267C3DEA00A7BA6C /* PokerPlusShowdownAnimation.swift */,
				4A9F46AC27ADABD600FA8B40 /* PokerPlusScore.swift */,
				4A9F46AB27ADABD400FA8B40 /* PokerPlusAnnounceId.swift */,
				4A9F46AA27ADABD300FA8B40 /* PokerPlusAnnounce.swift */,
				4A914E7F278A921800E93522 /* SlotReelAnimation.swift */,
				4A9F469E27ADA54600FA8B40 /* SlotTriadAnimation.swift */,
				4AD0FAA9271230CF00EBB78A /* DrinkId.swift */,
				4AD0FAAB2712313000EBB78A /* SymbolId.swift */,
				4A14BC0E271BC0760056BA3E /* Reel.swift */,
				4A3EFAFF274900F10027488A /* MachineId.swift */,
				4A9F46B127ADB73300FA8B40 /* ReelId.swift */,
				4A914E81278A92C600E93522 /* ErrorModel.swift */,
				4A914E8E278AA62500E93522 /* PokerPlusStateRealm.swift */,
				4A914EDD278C978900E93522 /* Player.swift */,
				4A13B9C127942F99006024B0 /* UserType.swift */,
				4A13B9C32794396A006024B0 /* BotUser.swift */,
				4AE3A16527A53F00002EA45C /* GameId.swift */,
				4AE3A16A27A6341F002EA45C /* SuitId.swift */,
				4AE3A16C27A6343F002EA45C /* NumberId.swift */,
			);
			path = Types;
			sourceTree = "<group>";
		};
/* End PBXGroup section */

/* Begin PBXNativeTarget section */
		3E23B812262BF40B0052FF14 /* CenterTests */ = {
			isa = PBXNativeTarget;
			buildConfigurationList = 3E23B81B262BF40B0052FF14 /* Build configuration list for PBXNativeTarget "CenterTests" */;
			buildPhases = (
				3E23B80F262BF40B0052FF14 /* Sources */,
				3E23B810262BF40B0052FF14 /* Frameworks */,
				3E23B811262BF40B0052FF14 /* Resources */,
			);
			buildRules = (
			);
			dependencies = (
				3E23B81A262BF40B0052FF14 /* PBXTargetDependency */,
			);
			name = CenterTests;
			productName = Tests;
			productReference = 3E23B813262BF40B0052FF14 /* CenterTests.xctest */;
			productType = "com.apple.product-type.bundle.unit-test";
		};
		3E941A1825E5636A005AD380 /* Center */ = {
			isa = PBXNativeTarget;
			buildConfigurationList = 3E941A2025E5636A005AD380 /* Build configuration list for PBXNativeTarget "Center" */;
			buildPhases = (
				3E941A1525E5636A005AD380 /* Sources */,
				3E941A1625E5636A005AD380 /* Frameworks */,
				3E941A1725E5636A005AD380 /* CopyFiles */,
			);
			buildRules = (
			);
			dependencies = (
			);
			name = Center;
			packageProductDependencies = (
				4A2B810B267468DA0013537F /* Realm */,
				4A2B810D267468DA0013537F /* RealmSwift */,
			);
			productName = casinocity;
			productReference = 3E941A1925E5636A005AD380 /* libCenter.a */;
			productType = "com.apple.product-type.library.static";
		};
/* End PBXNativeTarget section */

/* Begin PBXProject section */
		3E941A1125E5636A005AD380 /* Project object */ = {
			isa = PBXProject;
			attributes = {
				LastSwiftUpdateCheck = 1240;
				LastUpgradeCheck = 1230;
				TargetAttributes = {
					3E23B812262BF40B0052FF14 = {
						CreatedOnToolsVersion = 12.4;
					};
					3E941A1825E5636A005AD380 = {
						CreatedOnToolsVersion = 12.3;
					};
				};
			};
			buildConfigurationList = 3E941A1425E5636A005AD380 /* Build configuration list for PBXProject "Center" */;
			compatibilityVersion = "Xcode 9.3";
			developmentRegion = en;
			hasScannedForEncodings = 0;
			knownRegions = (
				en,
				Base,
			);
			mainGroup = 3E941A1025E5636A005AD380;
			packageReferences = (
				4A2B810A267468DA0013537F /* XCRemoteSwiftPackageReference "realm-cocoa" */,
			);
			productRefGroup = 3E941A1A25E5636A005AD380 /* Products */;
			projectDirPath = "";
			projectRoot = "";
			targets = (
				3E941A1825E5636A005AD380 /* Center */,
				3E23B812262BF40B0052FF14 /* CenterTests */,
			);
		};
/* End PBXProject section */

/* Begin PBXResourcesBuildPhase section */
		3E23B811262BF40B0052FF14 /* Resources */ = {
			isa = PBXResourcesBuildPhase;
			buildActionMask = 2147483647;
			files = (
			);
			runOnlyForDeploymentPostprocessing = 0;
		};
/* End PBXResourcesBuildPhase section */

/* Begin PBXSourcesBuildPhase section */
		3E23B80F262BF40B0052FF14 /* Sources */ = {
			isa = PBXSourcesBuildPhase;
			buildActionMask = 2147483647;
			files = (
				4A9F467D27AC427E00FA8B40 /* MachineId.swift in Sources */,
				4A9F469227AC428800FA8B40 /* AsciiTable.swift in Sources */,
				4A9F469527AC429500FA8B40 /* PokerPlusExitRoom.swift in Sources */,
				4A9F465E27AC426100FA8B40 /* ServiceError.swift in Sources */,
				4A9F465C27AC425900FA8B40 /* PokerPlusStateRepositoryImpl.swift in Sources */,
				4A9F465827AC424000FA8B40 /* PokerPlusController.swift in Sources */,
				4A9F468427AC427E00FA8B40 /* Player.swift in Sources */,
				4A9F465227AC423100FA8B40 /* UserServer.swift in Sources */,
				4A9F464F27AC422700FA8B40 /* KeycardRealmRepository.swift in Sources */,
				4A3B9CC4266FAC01005F1749 /* CenterTests.swift in Sources */,
				4AB827192684130E00CE7360 /* PokerPlusEnterRoom.swift in Sources */,
				4A9F466427AC426F00FA8B40 /* SlotClassic.swift in Sources */,
				4ADBEEED26AA945800DF9CD4 /* Router.swift in Sources */,
				4A9F465027AC422A00FA8B40 /* KeycardConverter.swift in Sources */,
				4A9F468627AC427E00FA8B40 /* SuitId.swift in Sources */,
				4A9F468E27AC428800FA8B40 /* JSONSerializable.swift in Sources */,
				4A9F469727AC429500FA8B40 /* PokerPlusPullPutComplete.swift in Sources */,
				4A9F467F27AC427E00FA8B40 /* KeycardRealm.swift in Sources */,
				4A9F467C27AC427E00FA8B40 /* SymbolId.swift in Sources */,
				4A9F46B827ADB83600FA8B40 /* PokerPlusAnnounce.swift in Sources */,
				4A914E742789BCCC00E93522 /* PokerPlusServer.swift in Sources */,
				4A9F467927AC427E00FA8B40 /* Reel.swift in Sources */,
				4A9F46B627ADB83300FA8B40 /* PokerPlusAnnounceId.swift in Sources */,
				4A9F469327AC428800FA8B40 /* StringExtension.swift in Sources */,
				4A9F468127AC427E00FA8B40 /* SymbolPocket.swift in Sources */,
				4A9F465427AC423600FA8B40 /* UserSymbolController.swift in Sources */,
				4A9F465627AC423B00FA8B40 /* PokerPlusRule.swift in Sources */,
				4ADBEEF526AA948400DF9CD4 /* PokerPlusScoreListBuilder.swift in Sources */,
				4A9F468B27AC427E00FA8B40 /* BotUser.swift in Sources */,
				4A9F466327AC426D00FA8B40 /* SlotV1M0.swift in Sources */,
				4A9F46B427ADB83000FA8B40 /* PokerPlusScore.swift in Sources */,
				4A9F466027AC426700FA8B40 /* SlotMachine.swift in Sources */,
				4A9F468527AC427E00FA8B40 /* UserType.swift in Sources */,
				4A9F468F27AC428800FA8B40 /* ArrayExtension.swift in Sources */,
				4A9F468827AC427E00FA8B40 /* Keycard.swift in Sources */,
				4A9F468A27AC427E00FA8B40 /* SlotReelAnimation.swift in Sources */,
				4A9F466627AC427700FA8B40 /* User.swift in Sources */,
				4A8EF9AA2690BE2200D19929 /* UsersUpdateUser.swift in Sources */,
				4A9F468927AC427E00FA8B40 /* NumberId.swift in Sources */,
				4A9F468027AC427E00FA8B40 /* DrinkId.swift in Sources */,
				4A9F465127AC422E00FA8B40 /* DBServerState.swift in Sources */,
				4A9F469927AC429500FA8B40 /* SlotsSpinSlot.swift in Sources */,
				4A9F465D27AC425D00FA8B40 /* PokerPlusServerState.swift in Sources */,
				4A9F469827AC429500FA8B40 /* PokerPlusPullPutAction.swift in Sources */,
				4A9F466127AC426900FA8B40 /* SlotFree.swift in Sources */,
				4ADBEEEE26AA946500DF9CD4 /* DBServer.swift in Sources */,
				4ADBEEF326AA947E00DF9CD4 /* PokerPlusShowdownAnimationBuilder.swift in Sources */,
				4A9F465527AC423900FA8B40 /* PokerPlusState.swift in Sources */,
				4AB827172684130E00CE7360 /* PokerPlusPutAction.swift in Sources */,
				4A9F469427AC428800FA8B40 /* HTTP.swift in Sources */,
				4A9F466227AC426B00FA8B40 /* SlotDevelopers.swift in Sources */,
				4AA1A6D226749C3C005B9603 /* Center.swift in Sources */,
				4A9F465327AC423400FA8B40 /* UserConverter.swift in Sources */,
				4A9F465727AC423D00FA8B40 /* PokerPlusDealer.swift in Sources */,
				4A9F469627AC429500FA8B40 /* UsersCreateUser.swift in Sources */,
				4A9F467A27AC427E00FA8B40 /* UserRealm.swift in Sources */,
				4A9F468327AC427E00FA8B40 /* ErrorModel.swift in Sources */,
				4A9F464E27AC422100FA8B40 /* UserRepository.swift in Sources */,
				4A9F465927AC424200FA8B40 /* PokerPlusPlayer.swift in Sources */,
				4A9F469B27AC429500FA8B40 /* PokerPlusPullBetComplete.swift in Sources */,
				4A914E87278A962400E93522 /* PokerPlusMatcher.swift in Sources */,
				4A9F469027AC428800FA8B40 /* IdentifiableExtension.swift in Sources */,
				4A9F467B27AC427E00FA8B40 /* PokerPlusShowdownAnimation.swift in Sources */,
				4A9F465A27AC424400FA8B40 /* PokerPlusLogger.swift in Sources */,
				4A9F466527AC427400FA8B40 /* SlotServer.swift in Sources */,
				4A9F46A027ADA54900FA8B40 /* SlotTriadAnimation.swift in Sources */,
				4A9F465F27AC426300FA8B40 /* BotUserList.swift in Sources */,
				4A9F468727AC427E00FA8B40 /* GameId.swift in Sources */,
				4A9F468D27AC428800FA8B40 /* IntExtension.swift in Sources */,
				4A914E88278A962D00E93522 /* PokerPlusAPIModelBuilder.swift in Sources */,
				4AB8271B2684130E00CE7360 /* PokerPlusBetAction.swift in Sources */,
				4A9F465B27AC424F00FA8B40 /* PokerPlusBot.swift in Sources */,
				4A9F469A27AC429500FA8B40 /* UsersLoadUser.swift in Sources */,
				4A9F467E27AC427E00FA8B40 /* PokerPlusStateRealm.swift in Sources */,
				4A2F4E0F267C508500A7BA6C /* PokerPlusSpeaker.swift in Sources */,
				4A9F469127AC428800FA8B40 /* PrizeOdds.swift in Sources */,
				4AB8271D2684130E00CE7360 /* PokerPlusLoadRoom.swift in Sources */,
			);
			runOnlyForDeploymentPostprocessing = 0;
		};
		3E941A1525E5636A005AD380 /* Sources */ = {
			isa = PBXSourcesBuildPhase;
			buildActionMask = 2147483647;
			files = (
				4A777B9527251A7500581CCF /* UserConverter.swift in Sources */,
				4AF2D7B826E1ABA6000CFB1C /* PokerPlusPullBetComplete.swift in Sources */,
				4AE3A16D27A6343F002EA45C /* NumberId.swift in Sources */,
				4AB827212684139E00CE7360 /* HTTP.swift in Sources */,
				4AE3A16627A53F00002EA45C /* GameId.swift in Sources */,
				4A2F4E0E267C508300A7BA6C /* PokerPlusSpeaker.swift in Sources */,
				4A14BC0D271BBCCF0056BA3E /* SlotClassic.swift in Sources */,
				4A4461E22689FE0C00A4D063 /* IntExtension.swift in Sources */,
				4AB8272D26842EE600CE7360 /* IdentifiableExtension.swift in Sources */,
				4A914E82278A92C600E93522 /* ErrorModel.swift in Sources */,
				4AB827182684130E00CE7360 /* PokerPlusEnterRoom.swift in Sources */,
				4A2F4E0A267C3DEA00A7BA6C /* PokerPlusShowdownAnimation.swift in Sources */,
				4AE3A15E27A52E69002EA45C /* UserSymbolController.swift in Sources */,
				4A914E8F278AA62500E93522 /* PokerPlusStateRealm.swift in Sources */,
				4AF2D7C626E1DFE2000CFB1C /* UsersCreateUser.swift in Sources */,
				3EA570C62643C20A002F63A6 /* JSONSerializable.swift in Sources */,
				4A914E772789E88E00E93522 /* PokerPlusBot.swift in Sources */,
				4A8EF9A92690BE2200D19929 /* UsersUpdateUser.swift in Sources */,
				4A914E83278A942200E93522 /* SlotReelAnimation.swift in Sources */,
				4A9F46B727ADB83500FA8B40 /* PokerPlusAnnounce.swift in Sources */,
				4A914E732789BCCB00E93522 /* PokerPlusServer.swift in Sources */,
				4ACD43C127926F3D0046CEB5 /* UserServer.swift in Sources */,
				4A9F46B527ADB83200FA8B40 /* PokerPlusAnnounceId.swift in Sources */,
				4A14BC0F271BC0760056BA3E /* Reel.swift in Sources */,
				4A9F46B227ADB73300FA8B40 /* ReelId.swift in Sources */,
				4AB8271A2684130E00CE7360 /* PokerPlusBetAction.swift in Sources */,
				4A3EFB00274900F10027488A /* MachineId.swift in Sources */,
				4A914E79278A765900E93522 /* KeycardRealm.swift in Sources */,
				4A9F469C27AC429600FA8B40 /* PokerPlusPullPutComplete.swift in Sources */,
				4AE3A16B27A6341F002EA45C /* SuitId.swift in Sources */,
				4A9F46B327ADB83000FA8B40 /* PokerPlusScore.swift in Sources */,
				4A914E6527892DF100E93522 /* PokerPlusState.swift in Sources */,
				4A06011626E10BCA008EFEFB /* UserRepository.swift in Sources */,
				4AD0FAA42712234D00EBB78A /* UsersLoadUser.swift in Sources */,
				4AD0FAA2271174AA00EBB78A /* ServiceError.swift in Sources */,
				4A914E7C278A834700E93522 /* KeycardRealmRepository.swift in Sources */,
				4A914EDE278C978900E93522 /* Player.swift in Sources */,
				4A914E6927892E0900E93522 /* PokerPlusPlayer.swift in Sources */,
				4A914E7127896FEF00E93522 /* PokerPlusLogger.swift in Sources */,
				4A914E6327892DEA00E93522 /* PokerPlusController.swift in Sources */,
				4ADBEECA26A3683B00DF9CD4 /* PokerPlusScoreListBuilder.swift in Sources */,
				4A914E8C278A9E2500E93522 /* PokerPlusStateRepositoryImpl.swift in Sources */,
				4AE3A16227A53DAB002EA45C /* Keycard.swift in Sources */,
				4A13B9C42794396A006024B0 /* BotUser.swift in Sources */,
				4AB827162684130E00CE7360 /* PokerPlusPutAction.swift in Sources */,
				4ADBEEC826A3675000DF9CD4 /* PokerPlusShowdownAnimationBuilder.swift in Sources */,
				4A2F4E25267DB2CB00A7BA6C /* PokerPlusAPIModelBuilder.swift in Sources */,
				4A3EFB0227490E7F0027488A /* SlotFree.swift in Sources */,
				4AD0FAA82712276900EBB78A /* PokerPlusPullPutAction.swift in Sources */,
				4A9F469F27ADA54800FA8B40 /* SlotTriadAnimation.swift in Sources */,
				4ACD43C32792AD550046CEB5 /* SlotServer.swift in Sources */,
				4AD0FAAC2712313000EBB78A /* SymbolId.swift in Sources */,
				4ACD43BB279269400046CEB5 /* PokerPlusServerState.swift in Sources */,
				4AA1A6D126749BEF005B9603 /* Center.swift in Sources */,
				4AE3A15A27A51C65002EA45C /* User.swift in Sources */,
				4ACD43BF27926CDE0046CEB5 /* DBServerState.swift in Sources */,
				4AD0FAAE271305D600EBB78A /* SlotsSpinSlot.swift in Sources */,
				4AB8273C2684FCFE00CE7360 /* Router.swift in Sources */,
				4A914E6F2789692B00E93522 /* PokerPlusRule.swift in Sources */,
				4AE3A16027A53CF7002EA45C /* KeycardConverter.swift in Sources */,
				3ECFA7BD262325FB00C437B4 /* AsciiTable.swift in Sources */,
				4A14BC00271AC12D0056BA3E /* SlotMachine.swift in Sources */,
				4AE3A15C27A51D44002EA45C /* SymbolPocket.swift in Sources */,
				4A914E6727892DFF00E93522 /* PokerPlusDealer.swift in Sources */,
				3E23B82E262C51080052FF14 /* UserRealm.swift in Sources */,
				4A914E7D278A89DF00E93522 /* PokerPlusMatcher.swift in Sources */,
				4A13B9C227942F99006024B0 /* UserType.swift in Sources */,
				4A3EFB0427490E810027488A /* SlotDevelopers.swift in Sources */,
				3EA570B226425F6C002F63A6 /* DBServer.swift in Sources */,
				4AD0FAAA271230CF00EBB78A /* DrinkId.swift in Sources */,
				4AB022D827097CB200A7EC68 /* PokerPlusExitRoom.swift in Sources */,
				4AB8272A26842EDD00CE7360 /* StringExtension.swift in Sources */,
				4AB8271C2684130E00CE7360 /* PokerPlusLoadRoom.swift in Sources */,
				4A13B9C6279439A1006024B0 /* BotUserList.swift in Sources */,
				4A3EFB0627490E820027488A /* SlotV1M0.swift in Sources */,
				4A14BC02271AD55B0056BA3E /* PrizeOdds.swift in Sources */,
				4AB8272926842ED800CE7360 /* ArrayExtension.swift in Sources */,
			);
			runOnlyForDeploymentPostprocessing = 0;
		};
/* End PBXSourcesBuildPhase section */

/* Begin PBXTargetDependency section */
		3E23B81A262BF40B0052FF14 /* PBXTargetDependency */ = {
			isa = PBXTargetDependency;
			target = 3E941A1825E5636A005AD380 /* Center */;
			targetProxy = 3E23B819262BF40B0052FF14 /* PBXContainerItemProxy */;
		};
/* End PBXTargetDependency section */

/* Begin XCBuildConfiguration section */
		3E23B81C262BF40B0052FF14 /* Debug */ = {
			isa = XCBuildConfiguration;
			buildSettings = {
				CODE_SIGN_STYLE = Automatic;
				DEVELOPMENT_TEAM = TGQUAX8LT8;
				INFOPLIST_FILE = CenterTests/Info.plist;
				IPHONEOS_DEPLOYMENT_TARGET = 15.0;
				LD_RUNPATH_SEARCH_PATHS = (
					"$(inherited)",
					"@executable_path/Frameworks",
					"@loader_path/Frameworks",
				);
				PRODUCT_BUNDLE_IDENTIFIER = casinoplus.casinopluscenter.Tests;
				PRODUCT_NAME = "$(TARGET_NAME)";
				SWIFT_VERSION = 5.0;
				TARGETED_DEVICE_FAMILY = "1,2";
			};
			name = Debug;
		};
		3E23B81D262BF40B0052FF14 /* Release */ = {
			isa = XCBuildConfiguration;
			buildSettings = {
				CODE_SIGN_STYLE = Automatic;
				DEVELOPMENT_TEAM = TGQUAX8LT8;
				INFOPLIST_FILE = CenterTests/Info.plist;
				IPHONEOS_DEPLOYMENT_TARGET = 15.0;
				LD_RUNPATH_SEARCH_PATHS = (
					"$(inherited)",
					"@executable_path/Frameworks",
					"@loader_path/Frameworks",
				);
				PRODUCT_BUNDLE_IDENTIFIER = casinoplus.casinopluscenter.Tests;
				PRODUCT_NAME = "$(TARGET_NAME)";
				SWIFT_VERSION = 5.0;
				TARGETED_DEVICE_FAMILY = "1,2";
			};
			name = Release;
		};
		3E941A1E25E5636A005AD380 /* Debug */ = {
			isa = XCBuildConfiguration;
			buildSettings = {
				ALWAYS_SEARCH_USER_PATHS = NO;
				CLANG_ANALYZER_NONNULL = YES;
				CLANG_ANALYZER_NUMBER_OBJECT_CONVERSION = YES_AGGRESSIVE;
				CLANG_CXX_LANGUAGE_STANDARD = "gnu++14";
				CLANG_CXX_LIBRARY = "libc++";
				CLANG_ENABLE_MODULES = YES;
				CLANG_ENABLE_OBJC_ARC = YES;
				CLANG_ENABLE_OBJC_WEAK = YES;
				CLANG_WARN_BLOCK_CAPTURE_AUTORELEASING = YES;
				CLANG_WARN_BOOL_CONVERSION = YES;
				CLANG_WARN_COMMA = YES;
				CLANG_WARN_CONSTANT_CONVERSION = YES;
				CLANG_WARN_DEPRECATED_OBJC_IMPLEMENTATIONS = YES;
				CLANG_WARN_DIRECT_OBJC_ISA_USAGE = YES_ERROR;
				CLANG_WARN_DOCUMENTATION_COMMENTS = YES;
				CLANG_WARN_EMPTY_BODY = YES;
				CLANG_WARN_ENUM_CONVERSION = YES;
				CLANG_WARN_INFINITE_RECURSION = YES;
				CLANG_WARN_INT_CONVERSION = YES;
				CLANG_WARN_NON_LITERAL_NULL_CONVERSION = YES;
				CLANG_WARN_OBJC_IMPLICIT_RETAIN_SELF = YES;
				CLANG_WARN_OBJC_LITERAL_CONVERSION = YES;
				CLANG_WARN_OBJC_ROOT_CLASS = YES_ERROR;
				CLANG_WARN_QUOTED_INCLUDE_IN_FRAMEWORK_HEADER = YES;
				CLANG_WARN_RANGE_LOOP_ANALYSIS = YES;
				CLANG_WARN_STRICT_PROTOTYPES = YES;
				CLANG_WARN_SUSPICIOUS_MOVE = YES;
				CLANG_WARN_UNGUARDED_AVAILABILITY = YES_AGGRESSIVE;
				CLANG_WARN_UNREACHABLE_CODE = YES;
				CLANG_WARN__DUPLICATE_METHOD_MATCH = YES;
				COPY_PHASE_STRIP = NO;
				DEBUG_INFORMATION_FORMAT = dwarf;
				ENABLE_STRICT_OBJC_MSGSEND = YES;
				ENABLE_TESTABILITY = YES;
				GCC_C_LANGUAGE_STANDARD = gnu11;
				GCC_DYNAMIC_NO_PIC = NO;
				GCC_NO_COMMON_BLOCKS = YES;
				GCC_OPTIMIZATION_LEVEL = 0;
				GCC_PREPROCESSOR_DEFINITIONS = (
					"DEBUG=1",
					"$(inherited)",
				);
				GCC_WARN_64_TO_32_BIT_CONVERSION = YES;
				GCC_WARN_ABOUT_RETURN_TYPE = YES_ERROR;
				GCC_WARN_UNDECLARED_SELECTOR = YES;
				GCC_WARN_UNINITIALIZED_AUTOS = YES_AGGRESSIVE;
				GCC_WARN_UNUSED_FUNCTION = YES;
				GCC_WARN_UNUSED_VARIABLE = YES;
				IPHONEOS_DEPLOYMENT_TARGET = 15.0;
				MTL_ENABLE_DEBUG_INFO = INCLUDE_SOURCE;
				MTL_FAST_MATH = YES;
				ONLY_ACTIVE_ARCH = YES;
				SDKROOT = iphoneos;
				SWIFT_ACTIVE_COMPILATION_CONDITIONS = DEBUG;
				SWIFT_OPTIMIZATION_LEVEL = "-Onone";
			};
			name = Debug;
		};
		3E941A1F25E5636A005AD380 /* Release */ = {
			isa = XCBuildConfiguration;
			buildSettings = {
				ALWAYS_SEARCH_USER_PATHS = NO;
				CLANG_ANALYZER_NONNULL = YES;
				CLANG_ANALYZER_NUMBER_OBJECT_CONVERSION = YES_AGGRESSIVE;
				CLANG_CXX_LANGUAGE_STANDARD = "gnu++14";
				CLANG_CXX_LIBRARY = "libc++";
				CLANG_ENABLE_MODULES = YES;
				CLANG_ENABLE_OBJC_ARC = YES;
				CLANG_ENABLE_OBJC_WEAK = YES;
				CLANG_WARN_BLOCK_CAPTURE_AUTORELEASING = YES;
				CLANG_WARN_BOOL_CONVERSION = YES;
				CLANG_WARN_COMMA = YES;
				CLANG_WARN_CONSTANT_CONVERSION = YES;
				CLANG_WARN_DEPRECATED_OBJC_IMPLEMENTATIONS = YES;
				CLANG_WARN_DIRECT_OBJC_ISA_USAGE = YES_ERROR;
				CLANG_WARN_DOCUMENTATION_COMMENTS = YES;
				CLANG_WARN_EMPTY_BODY = YES;
				CLANG_WARN_ENUM_CONVERSION = YES;
				CLANG_WARN_INFINITE_RECURSION = YES;
				CLANG_WARN_INT_CONVERSION = YES;
				CLANG_WARN_NON_LITERAL_NULL_CONVERSION = YES;
				CLANG_WARN_OBJC_IMPLICIT_RETAIN_SELF = YES;
				CLANG_WARN_OBJC_LITERAL_CONVERSION = YES;
				CLANG_WARN_OBJC_ROOT_CLASS = YES_ERROR;
				CLANG_WARN_QUOTED_INCLUDE_IN_FRAMEWORK_HEADER = YES;
				CLANG_WARN_RANGE_LOOP_ANALYSIS = YES;
				CLANG_WARN_STRICT_PROTOTYPES = YES;
				CLANG_WARN_SUSPICIOUS_MOVE = YES;
				CLANG_WARN_UNGUARDED_AVAILABILITY = YES_AGGRESSIVE;
				CLANG_WARN_UNREACHABLE_CODE = YES;
				CLANG_WARN__DUPLICATE_METHOD_MATCH = YES;
				COPY_PHASE_STRIP = NO;
				DEBUG_INFORMATION_FORMAT = "dwarf-with-dsym";
				ENABLE_NS_ASSERTIONS = NO;
				ENABLE_STRICT_OBJC_MSGSEND = YES;
				GCC_C_LANGUAGE_STANDARD = gnu11;
				GCC_NO_COMMON_BLOCKS = YES;
				GCC_WARN_64_TO_32_BIT_CONVERSION = YES;
				GCC_WARN_ABOUT_RETURN_TYPE = YES_ERROR;
				GCC_WARN_UNDECLARED_SELECTOR = YES;
				GCC_WARN_UNINITIALIZED_AUTOS = YES_AGGRESSIVE;
				GCC_WARN_UNUSED_FUNCTION = YES;
				GCC_WARN_UNUSED_VARIABLE = YES;
				IPHONEOS_DEPLOYMENT_TARGET = 15.0;
				MTL_ENABLE_DEBUG_INFO = NO;
				MTL_FAST_MATH = YES;
				SDKROOT = iphoneos;
				SWIFT_COMPILATION_MODE = wholemodule;
				SWIFT_OPTIMIZATION_LEVEL = "-O";
				VALIDATE_PRODUCT = YES;
			};
			name = Release;
		};
		3E941A2125E5636A005AD380 /* Debug */ = {
			isa = XCBuildConfiguration;
			buildSettings = {
				CODE_SIGN_STYLE = Automatic;
				DEVELOPMENT_TEAM = TGQUAX8LT8;
				OTHER_LDFLAGS = "-ObjC";
				PRODUCT_NAME = "$(TARGET_NAME)";
				SKIP_INSTALL = YES;
				SWIFT_VERSION = 5.0;
				TARGETED_DEVICE_FAMILY = "1,2";
			};
			name = Debug;
		};
		3E941A2225E5636A005AD380 /* Release */ = {
			isa = XCBuildConfiguration;
			buildSettings = {
				CODE_SIGN_STYLE = Automatic;
				DEVELOPMENT_TEAM = TGQUAX8LT8;
				OTHER_LDFLAGS = "-ObjC";
				PRODUCT_NAME = "$(TARGET_NAME)";
				SKIP_INSTALL = YES;
				SWIFT_VERSION = 5.0;
				TARGETED_DEVICE_FAMILY = "1,2";
			};
			name = Release;
		};
/* End XCBuildConfiguration section */

/* Begin XCConfigurationList section */
		3E23B81B262BF40B0052FF14 /* Build configuration list for PBXNativeTarget "CenterTests" */ = {
			isa = XCConfigurationList;
			buildConfigurations = (
				3E23B81C262BF40B0052FF14 /* Debug */,
				3E23B81D262BF40B0052FF14 /* Release */,
			);
			defaultConfigurationIsVisible = 0;
			defaultConfigurationName = Release;
		};
		3E941A1425E5636A005AD380 /* Build configuration list for PBXProject "Center" */ = {
			isa = XCConfigurationList;
			buildConfigurations = (
				3E941A1E25E5636A005AD380 /* Debug */,
				3E941A1F25E5636A005AD380 /* Release */,
			);
			defaultConfigurationIsVisible = 0;
			defaultConfigurationName = Release;
		};
		3E941A2025E5636A005AD380 /* Build configuration list for PBXNativeTarget "Center" */ = {
			isa = XCConfigurationList;
			buildConfigurations = (
				3E941A2125E5636A005AD380 /* Debug */,
				3E941A2225E5636A005AD380 /* Release */,
			);
			defaultConfigurationIsVisible = 0;
			defaultConfigurationName = Release;
		};
/* End XCConfigurationList section */

/* Begin XCRemoteSwiftPackageReference section */
		4A2B810A267468DA0013537F /* XCRemoteSwiftPackageReference "realm-cocoa" */ = {
			isa = XCRemoteSwiftPackageReference;
			repositoryURL = "https://github.com/realm/realm-cocoa";
			requirement = {
				kind = upToNextMajorVersion;
				minimumVersion = 10.7.7;
			};
		};
/* End XCRemoteSwiftPackageReference section */

/* Begin XCSwiftPackageProductDependency section */
		4A2B810B267468DA0013537F /* Realm */ = {
			isa = XCSwiftPackageProductDependency;
			package = 4A2B810A267468DA0013537F /* XCRemoteSwiftPackageReference "realm-cocoa" */;
			productName = Realm;
		};
		4A2B810D267468DA0013537F /* RealmSwift */ = {
			isa = XCSwiftPackageProductDependency;
			package = 4A2B810A267468DA0013537F /* XCRemoteSwiftPackageReference "realm-cocoa" */;
			productName = RealmSwift;
		};
/* End XCSwiftPackageProductDependency section */
	};
	rootObject = 3E941A1125E5636A005AD380 /* Project object */;
}
